
Microsoft Visual Studio Solution File, Format Version 12.00
# Visual Studio 14
VisualStudioVersion = 14.0.25420.1
MinimumVisualStudioVersion = 10.0.40219.1
Project("{FAE04EC0-301F-11D3-BF4B-00C04F79EFBC}") = "GLow Screensaver", "GLow Screensaver\GLow Screensaver.csproj", "{7649F458-43FA-4741-B9F0-92C10838670E}"
EndProject
Project("{FAE04EC0-301F-11D3-BF4B-00C04F79EFBC}") = "GLow Service", "GLow Service\GLow Service.csproj", "{A82D1B83-0600-486D-8001-0464EF6AFD03}"
EndProject
Project("{FAE04EC0-301F-11D3-BF4B-00C04F79EFBC}") = "GLow Common", "GLow common\GLow Common.csproj", "{827F1D9A-9AD6-4AF0-B2BC-11534122F003}"
EndProject
Global
	GlobalSection(SolutionConfigurationPlatforms) = preSolution
		Debug|Any CPU = Debug|Any CPU
		Release|Any CPU = Release|Any CPU
	EndGlobalSection
	GlobalSection(ProjectConfigurationPlatforms) = postSolution
		{7649F458-43FA-4741-B9F0-92C10838670E}.Debug|Any CPU.ActiveCfg = Debug|Any CPU
		{7649F458-43FA-4741-B9F0-92C10838670E}.Debug|Any CPU.Build.0 = Debug|Any CPU
		{7649F458-43FA-4741-B9F0-92C10838670E}.Release|Any CPU.ActiveCfg = Release|Any CPU
		{7649F458-43FA-4741-B9F0-92C10838670E}.Release|Any CPU.Build.0 = Release|Any CPU
		{A82D1B83-0600-486D-8001-0464EF6AFD03}.Debug|Any CPU.ActiveCfg = Debug|Any CPU
		{A82D1B83-0600-486D-8001-0464EF6AFD03}.Debug|Any CPU.Build.0 = Debug|Any CPU
		{A82D1B83-0600-486D-8001-0464EF6AFD03}.Release|Any CPU.ActiveCfg = Release|Any CPU
		{A82D1B83-0600-486D-8001-0464EF6AFD03}.Release|Any CPU.Build.0 = Release|Any CPU
		{827F1D9A-9AD6-4AF0-B2BC-11534122F003}.Debug|Any CPU.ActiveCfg = Debug|Any CPU
		{827F1D9A-9AD6-4AF0-B2BC-11534122F003}.Debug|Any CPU.Build.0 = Debug|Any CPU
		{827F1D9A-9AD6-4AF0-B2BC-11534122F003}.Release|Any CPU.ActiveCfg = Release|Any CPU
		{827F1D9A-9AD6-4AF0-B2BC-11534122F003}.Release|Any CPU.Build.0 = Release|Any CPU
	EndGlobalSection
	GlobalSection(SolutionProperties) = preSolution
		HideSolutionNode = FALSE
	EndGlobalSection
EndGlobal
