
Microsoft Visual Studio Solution File, Format Version 12.00
# Visual Studio 14
VisualStudioVersion = 14.0.25420.1
MinimumVisualStudioVersion = 10.0.40219.1
Project("{FAE04EC0-301F-11D3-BF4B-00C04F79EFBC}") = "GLow Screensaver", "GLow Screensaver\GLow Screensaver.csproj", "{7649F458-43FA-4741-B9F0-92C10838670E}"
EndProject
Project("{FAE04EC0-301F-11D3-BF4B-00C04F79EFBC}") = "GLow Service", "GLow Service\GLow Service.csproj", "{A82D1B83-0600-486D-8001-0464EF6AFD03}"
EndProject
Project("{FAE04EC0-301F-11D3-BF4B-00C04F79EFBC}") = "GLow Common", "GLow common\GLow Common.csproj", "{827F1D9A-9AD6-4AF0-B2BC-11534122F003}"
EndProject
Global
	GlobalSection(SolutionConfigurationPlatforms) = preSolution
		Debug|x64 = Debug|x64
		Debug|x86 = Debug|x86
		Release|x64 = Release|x64
		Release|x86 = Release|x86
	EndGlobalSection
	GlobalSection(ProjectConfigurationPlatforms) = postSolution
		{7649F458-43FA-4741-B9F0-92C10838670E}.Debug|x64.ActiveCfg = Debug|x64
		{7649F458-43FA-4741-B9F0-92C10838670E}.Debug|x64.Build.0 = Debug|x64
		{7649F458-43FA-4741-B9F0-92C10838670E}.Debug|x86.ActiveCfg = Debug|x86
		{7649F458-43FA-4741-B9F0-92C10838670E}.Debug|x86.Build.0 = Debug|x86
		{7649F458-43FA-4741-B9F0-92C10838670E}.Release|x64.ActiveCfg = Release|x64
		{7649F458-43FA-4741-B9F0-92C10838670E}.Release|x64.Build.0 = Release|x64
		{7649F458-43FA-4741-B9F0-92C10838670E}.Release|x86.ActiveCfg = Release|x86
		{7649F458-43FA-4741-B9F0-92C10838670E}.Release|x86.Build.0 = Release|x86
		{A82D1B83-0600-486D-8001-0464EF6AFD03}.Debug|x64.ActiveCfg = Debug|x64
		{A82D1B83-0600-486D-8001-0464EF6AFD03}.Debug|x64.Build.0 = Debug|x64
		{A82D1B83-0600-486D-8001-0464EF6AFD03}.Debug|x86.ActiveCfg = Debug|x86
		{A82D1B83-0600-486D-8001-0464EF6AFD03}.Debug|x86.Build.0 = Debug|x86
		{A82D1B83-0600-486D-8001-0464EF6AFD03}.Release|x64.ActiveCfg = Release|x64
		{A82D1B83-0600-486D-8001-0464EF6AFD03}.Release|x64.Build.0 = Release|x64
		{A82D1B83-0600-486D-8001-0464EF6AFD03}.Release|x86.ActiveCfg = Release|x86
		{A82D1B83-0600-486D-8001-0464EF6AFD03}.Release|x86.Build.0 = Release|x86
		{827F1D9A-9AD6-4AF0-B2BC-11534122F003}.Debug|x64.ActiveCfg = Debug|x64
		{827F1D9A-9AD6-4AF0-B2BC-11534122F003}.Debug|x64.Build.0 = Debug|x64
		{827F1D9A-9AD6-4AF0-B2BC-11534122F003}.Debug|x86.ActiveCfg = Debug|x86
		{827F1D9A-9AD6-4AF0-B2BC-11534122F003}.Debug|x86.Build.0 = Debug|x86
		{827F1D9A-9AD6-4AF0-B2BC-11534122F003}.Release|x64.ActiveCfg = Release|x64
		{827F1D9A-9AD6-4AF0-B2BC-11534122F003}.Release|x64.Build.0 = Release|x64
		{827F1D9A-9AD6-4AF0-B2BC-11534122F003}.Release|x86.ActiveCfg = Release|x86
		{827F1D9A-9AD6-4AF0-B2BC-11534122F003}.Release|x86.Build.0 = Release|x86
	EndGlobalSection
	GlobalSection(SolutionProperties) = preSolution
		HideSolutionNode = FALSE
	EndGlobalSection
EndGlobal
